
Microsoft Visual Studio Solution File, Format Version 12.00
# Visual Studio Version 17
VisualStudioVersion = 17.1.32319.34
MinimumVisualStudioVersion = 10.0.40219.1
Project("{13B669BE-BB05-4DDF-9536-439F39A36129}") = "GameChangers", "GameChangers.phpproj", "{CE5F778C-A309-483C-8C7A-26AA1AD33311}"
EndProject
Global
	GlobalSection(SolutionConfigurationPlatforms) = preSolution
		Debug|Any CPU = Debug|Any CPU
		Release|Any CPU = Release|Any CPU
	EndGlobalSection
	GlobalSection(ProjectConfigurationPlatforms) = postSolution
		{CE5F778C-A309-483C-8C7A-26AA1AD33311}.Debug|Any CPU.ActiveCfg = Debug|Any CPU
		{CE5F778C-A309-483C-8C7A-26AA1AD33311}.Debug|Any CPU.Build.0 = Debug|Any CPU
		{CE5F778C-A309-483C-8C7A-26AA1AD33311}.Release|Any CPU.ActiveCfg = Release|Any CPU
		{CE5F778C-A309-483C-8C7A-26AA1AD33311}.Release|Any CPU.Build.0 = Release|Any CPU
	EndGlobalSection
	GlobalSection(SolutionProperties) = preSolution
		HideSolutionNode = FALSE
	EndGlobalSection
	GlobalSection(ExtensibilityGlobals) = postSolution
		SolutionGuid = {21187AA9-3330-455E-800F-7BAE4912DFC7}
	EndGlobalSection
EndGlobal
